# This file is automatically @generated by Cargo.
# It is not intended for manual editing.
version = 4

[[package]]
name = "credsync-core"
version = "0.0.1"

[[package]]
name = "credsync-ffi"
version = "0.0.1"

[[package]]
name = "credsync-protocol"
version = "0.0.1"

[[package]]
name = "credsync-server"
version = "0.0.1"

[[package]]
name = "credsync-sim"
version = "0.0.1"

[[package]]
name = "credsyncd"
version = "0.0.1"
